<?xml version="1.0" encoding="UTF-8" standalone="yes" ?>
<CodeBlocks_project_file>
	<FileVersion major="1" minor="6" />
	<Project>
		<Option title="GameHw" />
		<Option pch_mode="2" />
		<Option compiler="gcc" />
		<Build>
			<Target title="Debug">
				<Option output="bin/Debug/GameHw" prefix_auto="1" extension_auto="1" />
				<Option object_output="obj/Debug/" />
				<Option type="1" />
				<Option compiler="gcc" />
				<Compiler>
					<Add option="-g" />
				</Compiler>
			</Target>
			<Target title="Release">
				<Option output="bin/Release/GameHw" prefix_auto="1" extension_auto="1" />
				<Option object_output="obj/Release/" />
				<Option type="1" />
				<Option compiler="gcc" />
				<Compiler>
					<Add option="-O2" />
				</Compiler>
				<Linker>
					<Add option="-s" />
				</Linker>
			</Target>
		</Build>
		<Compiler>
			<Add option="-Wall" />
			<Add option="-fexceptions" />
			<Add directory="include" />
		</Compiler>
		<Unit filename="../../bgame/include/Factory.h" />
		<Unit filename="../../bgame/include/Feature.h" />
		<Unit filename="../../bgame/include/Kitten.h" />
		<Unit filename="../../bgame/include/Monster.h" />
		<Unit filename="../../bgame/include/NiceFactory.h" />
		<Unit filename="../../bgame/include/Obstacle.h" />
		<Unit filename="../../bgame/include/Player.h" />
		<Unit filename="../../bgame/include/Puzzle.h" />
		<Unit filename="../../bgame/include/UglyFactory.h" />
		<Unit filename="../../bgame/include/Warrior.h" />
		<Unit filename="../../bgame/main.cpp" />
		<Unit filename="../../bgame/src/Factory.cpp" />
		<Unit filename="../../bgame/src/Kitten.cpp" />
		<Unit filename="../../bgame/src/Monster.cpp" />
		<Unit filename="../../bgame/src/NiceFactory.cpp" />
		<Unit filename="../../bgame/src/Obstacle.cpp" />
		<Unit filename="../../bgame/src/Player.cpp" />
		<Unit filename="../../bgame/src/Puzzle.cpp" />
		<Unit filename="../../bgame/src/UglyFactory.cpp" />
		<Unit filename="../../bgame/src/Warrior.cpp" />
		<Extensions>
			<code_completion />
			<envvars />
			<debugger />
		</Extensions>
	</Project>
</CodeBlocks_project_file>
